
Microsoft Visual Studio Solution File, Format Version 12.00
# Visual Studio Version 17
VisualStudioVersion = 17.9.34616.47
MinimumVisualStudioVersion = 10.0.40219.1
Project("{FAE04EC0-301F-11D3-BF4B-00C04F79EFBC}") = "Code_Test2", "Code_Test2\Code_Test2.csproj", "{B7263CCF-C5AB-4FE6-8BBE-8045FE632267}"
EndProject
Global
	GlobalSection(SolutionConfigurationPlatforms) = preSolution
		Debug|Any CPU = Debug|Any CPU
		Release|Any CPU = Release|Any CPU
	EndGlobalSection
	GlobalSection(ProjectConfigurationPlatforms) = postSolution
		{B7263CCF-C5AB-4FE6-8BBE-8045FE632267}.Debug|Any CPU.ActiveCfg = Debug|Any CPU
		{B7263CCF-C5AB-4FE6-8BBE-8045FE632267}.Debug|Any CPU.Build.0 = Debug|Any CPU
		{B7263CCF-C5AB-4FE6-8BBE-8045FE632267}.Release|Any CPU.ActiveCfg = Release|Any CPU
		{B7263CCF-C5AB-4FE6-8BBE-8045FE632267}.Release|Any CPU.Build.0 = Release|Any CPU
	EndGlobalSection
	GlobalSection(SolutionProperties) = preSolution
		HideSolutionNode = FALSE
	EndGlobalSection
	GlobalSection(ExtensibilityGlobals) = postSolution
		SolutionGuid = {4C255BAB-BB80-40D2-862E-F8E124A77D7C}
	EndGlobalSection
EndGlobal
